{
  "version": 4,
  "terraform_version": "1.15.7",
  "serial": 30,
  "lineage": "b66dc645-ac7f-dad9-aa16-7c44236497e0",
  "outputs": {
    "image_project": {
      "value": "daenamu",
      "type": "string"
    },
    "image_registry": {
      "value": "hub.daenamu.local:8083",
      "type": "string"
    },
    "jaeger_otlp_http_endpoint": {
      "value": "http://jaeger-collector.observability:4318/v1/traces",
      "type": "string"
    },
    "jaeger_ui_port_forward": {
      "value": "kubectl port-forward -n observability svc/jaeger-query 16686:16686",
      "type": "string"
    },
    "namespace": {
      "value": "daenamu",
      "type": "string"
    },
    "release_name": {
      "value": "daenamu",
      "type": "string"
    }
  },
  "resources": [
    {
      "module": "module.daenamu_helm",
      "mode": "managed",
      "type": "helm_release",
      "name": "this",
      "provider": "provider[\"registry.terraform.io/hashicorp/helm\"]",
      "instances": [
        {
          "schema_version": 1,
          "attributes": {
            "atomic": false,
            "chart": "../../../helm/daenamu",
            "cleanup_on_fail": false,
            "create_namespace": false,
            "dependency_update": false,
            "description": null,
            "devel": null,
            "disable_crd_hooks": false,
            "disable_openapi_validation": false,
            "disable_webhooks": false,
            "force_update": false,
            "id": "daenamu",
            "keyring": null,
            "lint": false,
            "manifest": null,
            "max_history": 0,
            "metadata": [
              {
                "app_version": "local",
                "chart": "daenamu",
                "first_deployed": 1783850572,
                "last_deployed": 1783854682,
                "name": "daenamu",
                "namespace": "daenamu",
                "notes": "",
                "revision": 4,
                "values": "{\"defaults\":{\"probes\":{\"enabled\":true},\"service\":{\"type\":\"ClusterIP\"}},\"global\":{\"imageProject\":\"daenamu\",\"imagePullPolicy\":\"Always\",\"imagePullSecrets\":[\"harbor-regcred\"],\"imageRegistry\":\"hub.daenamu.local:8083\"},\"services\":{\"catalog\":{\"env\":{\"MANAGEMENT_OTLP_TRACING_ENDPOINT\":\"http://jaeger-collector.observability:4318/v1/traces\",\"MANAGEMENT_TRACING_SAMPLING_PROBABILITY\":\"1.0\"},\"image\":{\"tag\":\"local\"}},\"episode\":{\"env\":{\"MANAGEMENT_OTLP_TRACING_ENDPOINT\":\"http://jaeger-collector.observability:4318/v1/traces\",\"MANAGEMENT_TRACING_SAMPLING_PROBABILITY\":\"1.0\"},\"image\":{\"tag\":\"local\"}},\"frontend\":{\"image\":{\"tag\":\"local\"}},\"playback\":{\"env\":{\"MANAGEMENT_OTLP_TRACING_ENDPOINT\":\"http://jaeger-collector.observability:4318/v1/traces\",\"MANAGEMENT_TRACING_SAMPLING_PROBABILITY\":\"1.0\"},\"image\":{\"tag\":\"local\"}}}}",
                "version": "0.1.0"
              }
            ],
            "name": "daenamu",
            "namespace": "daenamu",
            "pass_credentials": false,
            "postrender": [],
            "recreate_pods": false,
            "render_subchart_notes": true,
            "replace": false,
            "repository": null,
            "repository_ca_file": null,
            "repository_cert_file": null,
            "repository_key_file": null,
            "repository_password": null,
            "repository_username": null,
            "reset_values": false,
            "reuse_values": false,
            "set": [
              {
                "name": "defaults.probes.enabled",
                "type": "",
                "value": "true"
              },
              {
                "name": "defaults.service.type",
                "type": "",
                "value": "ClusterIP"
              },
              {
                "name": "global.imageProject",
                "type": "",
                "value": "daenamu"
              },
              {
                "name": "global.imagePullPolicy",
                "type": "",
                "value": "Always"
              },
              {
                "name": "global.imagePullSecrets[0]",
                "type": "",
                "value": "harbor-regcred"
              },
              {
                "name": "global.imageRegistry",
                "type": "",
                "value": "hub.daenamu.local:8083"
              },
              {
                "name": "services.catalog.env.JAVA_TOOL_OPTIONS",
                "type": "",
                "value": "-javaagent:/app/opentelemetry-javaagent.jar"
              },
              {
                "name": "services.catalog.env.MANAGEMENT_OTLP_TRACING_ENDPOINT",
                "type": "",
                "value": "http://jaeger-collector.observability:4318/v1/traces"
              },
              {
                "name": "services.catalog.env.MANAGEMENT_TRACING_SAMPLING_PROBABILITY",
                "type": "",
                "value": "1.0"
              },
              {
                "name": "services.catalog.env.OTEL_EXPORTER_OTLP_ENDPOINT",
                "type": "",
                "value": "http://jaeger-collector.observability:4318"
              },
              {
                "name": "services.catalog.env.OTEL_EXPORTER_OTLP_PROTOCOL",
                "type": "",
                "value": "http/protobuf"
              },
              {
                "name": "services.catalog.env.OTEL_LOGS_EXPORTER",
                "type": "",
                "value": "none"
              },
              {
                "name": "services.catalog.env.OTEL_METRICS_EXPORTER",
                "type": "",
                "value": "none"
              },
              {
                "name": "services.catalog.env.OTEL_PROPAGATORS",
                "type": "",
                "value": "tracecontext,baggage"
              },
              {
                "name": "services.catalog.env.OTEL_SERVICE_NAME",
                "type": "",
                "value": "catalog"
              },
              {
                "name": "services.catalog.env.OTEL_TRACES_EXPORTER",
                "type": "",
                "value": "otlp"
              },
              {
                "name": "services.catalog.image.tag",
                "type": "",
                "value": "local"
              },
              {
                "name": "services.episode.env.JAVA_TOOL_OPTIONS",
                "type": "",
                "value": "-javaagent:/app/opentelemetry-javaagent.jar"
              },
              {
                "name": "services.episode.env.MANAGEMENT_OTLP_TRACING_ENDPOINT",
                "type": "",
                "value": "http://jaeger-collector.observability:4318/v1/traces"
              },
              {
                "name": "services.episode.env.MANAGEMENT_TRACING_SAMPLING_PROBABILITY",
                "type": "",
                "value": "1.0"
              },
              {
                "name": "services.episode.env.OTEL_EXPORTER_OTLP_ENDPOINT",
                "type": "",
                "value": "http://jaeger-collector.observability:4318"
              },
              {
                "name": "services.episode.env.OTEL_EXPORTER_OTLP_PROTOCOL",
                "type": "",
                "value": "http/protobuf"
              },
              {
                "name": "services.episode.env.OTEL_LOGS_EXPORTER",
                "type": "",
                "value": "none"
              },
              {
                "name": "services.episode.env.OTEL_METRICS_EXPORTER",
                "type": "",
                "value": "none"
              },
              {
                "name": "services.episode.env.OTEL_PROPAGATORS",
                "type": "",
                "value": "tracecontext,baggage"
              },
              {
                "name": "services.episode.env.OTEL_SERVICE_NAME",
                "type": "",
                "value": "episode"
              },
              {
                "name": "services.episode.env.OTEL_TRACES_EXPORTER",
                "type": "",
                "value": "otlp"
              },
              {
                "name": "services.episode.image.tag",
                "type": "",
                "value": "local"
              },
              {
                "name": "services.frontend.image.tag",
                "type": "",
                "value": "local"
              },
              {
                "name": "services.playback.env.JAVA_TOOL_OPTIONS",
                "type": "",
                "value": "-javaagent:/app/opentelemetry-javaagent.jar"
              },
              {
                "name": "services.playback.env.MANAGEMENT_OTLP_TRACING_ENDPOINT",
                "type": "",
                "value": "http://jaeger-collector.observability:4318/v1/traces"
              },
              {
                "name": "services.playback.env.MANAGEMENT_TRACING_SAMPLING_PROBABILITY",
                "type": "",
                "value": "1.0"
              },
              {
                "name": "services.playback.env.OTEL_EXPORTER_OTLP_ENDPOINT",
                "type": "",
                "value": "http://jaeger-collector.observability:4318"
              },
              {
                "name": "services.playback.env.OTEL_EXPORTER_OTLP_PROTOCOL",
                "type": "",
                "value": "http/protobuf"
              },
              {
                "name": "services.playback.env.OTEL_LOGS_EXPORTER",
                "type": "",
                "value": "none"
              },
              {
                "name": "services.playback.env.OTEL_METRICS_EXPORTER",
                "type": "",
                "value": "none"
              },
              {
                "name": "services.playback.env.OTEL_PROPAGATORS",
                "type": "",
                "value": "tracecontext,baggage"
              },
              {
                "name": "services.playback.env.OTEL_SERVICE_NAME",
                "type": "",
                "value": "playback"
              },
              {
                "name": "services.playback.env.OTEL_TRACES_EXPORTER",
                "type": "",
                "value": "otlp"
              },
              {
                "name": "services.playback.image.tag",
                "type": "",
                "value": "local"
              }
            ],
            "set_list": [],
            "set_sensitive": [],
            "skip_crds": false,
            "status": "deployed",
            "timeout": 300,
            "upgrade_install": null,
            "values": null,
            "verify": false,
            "version": "0.1.0",
            "wait": true,
            "wait_for_jobs": false
          },
          "sensitive_attributes": [
            [
              {
                "type": "get_attr",
                "value": "repository_password"
              }
            ]
          ],
          "identity_schema_version": 0,
          "private": "eyJzY2hlbWFfdmVyc2lvbiI6IjEifQ==",
          "dependencies": [
            "module.daenamu_helm.kubernetes_namespace.this",
            "module.daenamu_helm.kubernetes_secret.harbor_pull",
            "module.observability.kubernetes_deployment.jaeger",
            "module.observability.kubernetes_namespace.this",
            "module.observability.kubernetes_service.jaeger_collector",
            "module.observability.kubernetes_service.jaeger_query"
          ]
        }
      ]
    },
    {
      "module": "module.daenamu_helm",
      "mode": "managed",
      "type": "kubernetes_namespace",
      "name": "this",
      "provider": "provider[\"registry.terraform.io/hashicorp/kubernetes\"]",
      "instances": [
        {
          "index_key": 0,
          "schema_version": 0,
          "attributes": {
            "id": "daenamu",
            "metadata": [
              {
                "annotations": {},
                "generate_name": "",
                "generation": 0,
                "labels": {
                  "app.kubernetes.io/managed-by": "terraform",
                  "app.kubernetes.io/part-of": "daenamu"
                },
                "name": "daenamu",
                "resource_version": "582",
                "uid": "65e78547-2ee9-4fec-86d6-9546127fcb15"
              }
            ],
            "timeouts": null,
            "wait_for_default_service_account": false
          },
          "sensitive_attributes": [],
          "identity_schema_version": 1,
          "identity": {
            "api_version": "v1",
            "kind": "Namespace",
            "name": "daenamu"
          },
          "private": "eyJlMmJmYjczMC1lY2FhLTExZTYtOGY4OC0zNDM2M2JjN2M0YzAiOnsiZGVsZXRlIjozMDAwMDAwMDAwMDB9fQ==",
          "dependencies": [
            "module.observability.kubernetes_deployment.jaeger",
            "module.observability.kubernetes_namespace.this",
            "module.observability.kubernetes_service.jaeger_collector",
            "module.observability.kubernetes_service.jaeger_query"
          ]
        }
      ]
    },
    {
      "module": "module.daenamu_helm",
      "mode": "managed",
      "type": "kubernetes_secret",
      "name": "harbor_pull",
      "provider": "provider[\"registry.terraform.io/hashicorp/kubernetes\"]",
      "instances": [
        {
          "index_key": 0,
          "schema_version": 0,
          "attributes": {
            "binary_data": null,
            "binary_data_wo": null,
            "binary_data_wo_revision": null,
            "data": {
              ".dockerconfigjson": "{\"auths\":{\"hub.daenamu.local:8083\":{\"auth\":\"YWRtaW46SGFyYm9yMTIzNDU=\",\"password\":\"Harbor12345\",\"username\":\"admin\"}}}"
            },
            "data_wo": null,
            "data_wo_revision": null,
            "id": "daenamu/harbor-regcred",
            "immutable": false,
            "metadata": [
              {
                "annotations": {},
                "generate_name": "",
                "generation": 0,
                "labels": {},
                "name": "harbor-regcred",
                "namespace": "daenamu",
                "resource_version": "4929",
                "uid": "c2adef1f-dcbe-47b4-a93f-c65edb79b353"
              }
            ],
            "timeouts": null,
            "type": "kubernetes.io/dockerconfigjson",
            "wait_for_service_account_token": true
          },
          "sensitive_attributes": [
            [
              {
                "type": "get_attr",
                "value": "binary_data"
              }
            ],
            [
              {
                "type": "get_attr",
                "value": "data"
              }
            ],
            [
              {
                "type": "get_attr",
                "value": "data"
              },
              {
                "type": "index",
                "value": {
                  "value": ".dockerconfigjson",
                  "type": "string"
                }
              }
            ]
          ],
          "identity_schema_version": 1,
          "identity": {
            "api_version": "v1",
            "kind": "Secret",
            "name": "harbor-regcred",
            "namespace": "daenamu"
          },
          "private": "eyJlMmJmYjczMC1lY2FhLTExZTYtOGY4OC0zNDM2M2JjN2M0YzAiOnsiY3JlYXRlIjo2MDAwMDAwMDAwMH19",
          "dependencies": [
            "module.daenamu_helm.kubernetes_namespace.this",
            "module.observability.kubernetes_deployment.jaeger",
            "module.observability.kubernetes_namespace.this",
            "module.observability.kubernetes_service.jaeger_collector",
            "module.observability.kubernetes_service.jaeger_query"
          ]
        }
      ]
    },
    {
      "module": "module.observability",
      "mode": "managed",
      "type": "kubernetes_deployment",
      "name": "jaeger",
      "provider": "provider[\"registry.terraform.io/hashicorp/kubernetes\"]",
      "instances": [
        {
          "schema_version": 1,
          "attributes": {
            "id": "observability/jaeger",
            "metadata": [
              {
                "annotations": {},
                "generate_name": "",
                "generation": 1,
                "labels": {
                  "app.kubernetes.io/name": "jaeger"
                },
                "name": "jaeger",
                "namespace": "observability",
                "resource_version": "8138",
                "uid": "f1d20711-9981-49e4-ab9f-3bd1e553a2f5"
              }
            ],
            "spec": [
              {
                "min_ready_seconds": 0,
                "paused": false,
                "progress_deadline_seconds": 600,
                "replicas": "1",
                "revision_history_limit": 10,
                "selector": [
                  {
                    "match_expressions": [],
                    "match_labels": {
                      "app.kubernetes.io/name": "jaeger"
                    }
                  }
                ],
                "strategy": [
                  {
                    "rolling_update": [
                      {
                        "max_surge": "25%",
                        "max_unavailable": "25%"
                      }
                    ],
                    "type": "RollingUpdate"
                  }
                ],
                "template": [
                  {
                    "metadata": [
                      {
                        "annotations": {},
                        "generate_name": "",
                        "generation": 0,
                        "labels": {
                          "app.kubernetes.io/name": "jaeger"
                        },
                        "name": "",
                        "namespace": "",
                        "resource_version": "",
                        "uid": ""
                      }
                    ],
                    "spec": [
                      {
                        "active_deadline_seconds": 0,
                        "affinity": [],
                        "automount_service_account_token": true,
                        "container": [
                          {
                            "args": [],
                            "command": [],
                            "env": [
                              {
                                "name": "COLLECTOR_OTLP_ENABLED",
                                "value": "true",
                                "value_from": []
                              }
                            ],
                            "env_from": [],
                            "image": "jaegertracing/all-in-one:1.57",
                            "image_pull_policy": "IfNotPresent",
                            "lifecycle": [],
                            "liveness_probe": [],
                            "name": "jaeger",
                            "port": [
                              {
                                "container_port": 16686,
                                "host_ip": "",
                                "host_port": 0,
                                "name": "ui",
                                "protocol": "TCP"
                              },
                              {
                                "container_port": 4317,
                                "host_ip": "",
                                "host_port": 0,
                                "name": "otlp-grpc",
                                "protocol": "TCP"
                              },
                              {
                                "container_port": 4318,
                                "host_ip": "",
                                "host_port": 0,
                                "name": "otlp-http",
                                "protocol": "TCP"
                              }
                            ],
                            "readiness_probe": [],
                            "resources": [
                              {
                                "limits": {},
                                "requests": {}
                              }
                            ],
                            "security_context": [],
                            "startup_probe": [],
                            "stdin": false,
                            "stdin_once": false,
                            "termination_message_path": "/dev/termination-log",
                            "termination_message_policy": "File",
                            "tty": false,
                            "volume_device": [],
                            "volume_mount": [],
                            "working_dir": ""
                          }
                        ],
                        "dns_config": [],
                        "dns_policy": "ClusterFirst",
                        "enable_service_links": true,
                        "host_aliases": [],
                        "host_ipc": false,
                        "host_network": false,
                        "host_pid": false,
                        "hostname": "",
                        "image_pull_secrets": [],
                        "init_container": [],
                        "node_name": "",
                        "node_selector": {},
                        "os": [],
                        "priority_class_name": "",
                        "readiness_gate": [],
                        "restart_policy": "Always",
                        "runtime_class_name": "",
                        "scheduler_name": "default-scheduler",
                        "security_context": [],
                        "service_account_name": "",
                        "share_process_namespace": false,
                        "subdomain": "",
                        "termination_grace_period_seconds": 30,
                        "toleration": [],
                        "topology_spread_constraint": [],
                        "volume": []
                      }
                    ]
                  }
                ]
              }
            ],
            "timeouts": null,
            "wait_for_rollout": true
          },
          "sensitive_attributes": [],
          "identity_schema_version": 1,
          "identity": {
            "api_version": "apps/v1",
            "kind": "Deployment",
            "name": "jaeger",
            "namespace": "observability"
          },
          "private": "eyJlMmJmYjczMC1lY2FhLTExZTYtOGY4OC0zNDM2M2JjN2M0YzAiOnsiY3JlYXRlIjo2MDAwMDAwMDAwMDAsImRlbGV0ZSI6NjAwMDAwMDAwMDAwLCJ1cGRhdGUiOjYwMDAwMDAwMDAwMH0sInNjaGVtYV92ZXJzaW9uIjoiMSJ9",
          "dependencies": [
            "module.observability.kubernetes_namespace.this"
          ]
        }
      ]
    },
    {
      "module": "module.observability",
      "mode": "managed",
      "type": "kubernetes_namespace",
      "name": "this",
      "provider": "provider[\"registry.terraform.io/hashicorp/kubernetes\"]",
      "instances": [
        {
          "index_key": 0,
          "schema_version": 0,
          "attributes": {
            "id": "observability",
            "metadata": [
              {
                "annotations": {},
                "generate_name": "",
                "generation": 0,
                "labels": {
                  "app.kubernetes.io/managed-by": "terraform",
                  "app.kubernetes.io/part-of": "daenamu"
                },
                "name": "observability",
                "resource_version": "8093",
                "uid": "597bfbad-0283-4295-a570-5eee022a58de"
              }
            ],
            "timeouts": null,
            "wait_for_default_service_account": false
          },
          "sensitive_attributes": [],
          "identity_schema_version": 1,
          "identity": {
            "api_version": "v1",
            "kind": "Namespace",
            "name": "observability"
          },
          "private": "eyJlMmJmYjczMC1lY2FhLTExZTYtOGY4OC0zNDM2M2JjN2M0YzAiOnsiZGVsZXRlIjozMDAwMDAwMDAwMDB9fQ=="
        }
      ]
    },
    {
      "module": "module.observability",
      "mode": "managed",
      "type": "kubernetes_service",
      "name": "jaeger_collector",
      "provider": "provider[\"registry.terraform.io/hashicorp/kubernetes\"]",
      "instances": [
        {
          "schema_version": 1,
          "attributes": {
            "id": "observability/jaeger-collector",
            "metadata": [
              {
                "annotations": {},
                "generate_name": "",
                "generation": 0,
                "labels": {},
                "name": "jaeger-collector",
                "namespace": "observability",
                "resource_version": "8110",
                "uid": "881a3bd8-7c0b-49e5-999f-97bfb1ff691b"
              }
            ],
            "spec": [
              {
                "allocate_load_balancer_node_ports": true,
                "cluster_ip": "10.96.200.140",
                "cluster_ips": [
                  "10.96.200.140"
                ],
                "external_ips": [],
                "external_name": "",
                "external_traffic_policy": "",
                "health_check_node_port": 0,
                "internal_traffic_policy": "Cluster",
                "ip_families": [
                  "IPv4"
                ],
                "ip_family_policy": "SingleStack",
                "load_balancer_class": "",
                "load_balancer_ip": "",
                "load_balancer_source_ranges": [],
                "port": [
                  {
                    "app_protocol": "",
                    "name": "otlp-grpc",
                    "node_port": 0,
                    "port": 4317,
                    "protocol": "TCP",
                    "target_port": "otlp-grpc"
                  },
                  {
                    "app_protocol": "",
                    "name": "otlp-http",
                    "node_port": 0,
                    "port": 4318,
                    "protocol": "TCP",
                    "target_port": "otlp-http"
                  }
                ],
                "publish_not_ready_addresses": false,
                "selector": {
                  "app.kubernetes.io/name": "jaeger"
                },
                "session_affinity": "None",
                "session_affinity_config": [],
                "type": "ClusterIP"
              }
            ],
            "status": [
              {
                "load_balancer": [
                  {
                    "ingress": []
                  }
                ]
              }
            ],
            "timeouts": null,
            "wait_for_load_balancer": true
          },
          "sensitive_attributes": [],
          "identity_schema_version": 1,
          "identity": {
            "api_version": "v1",
            "kind": "Service",
            "name": "jaeger-collector",
            "namespace": "observability"
          },
          "private": "eyJlMmJmYjczMC1lY2FhLTExZTYtOGY4OC0zNDM2M2JjN2M0YzAiOnsiY3JlYXRlIjo2MDAwMDAwMDAwMDB9LCJzY2hlbWFfdmVyc2lvbiI6IjEifQ=="
        }
      ]
    },
    {
      "module": "module.observability",
      "mode": "managed",
      "type": "kubernetes_service",
      "name": "jaeger_query",
      "provider": "provider[\"registry.terraform.io/hashicorp/kubernetes\"]",
      "instances": [
        {
          "schema_version": 1,
          "attributes": {
            "id": "observability/jaeger-query",
            "metadata": [
              {
                "annotations": {},
                "generate_name": "",
                "generation": 0,
                "labels": {},
                "name": "jaeger-query",
                "namespace": "observability",
                "resource_version": "8113",
                "uid": "1175b80e-ae20-40ea-939f-ee98fa449d86"
              }
            ],
            "spec": [
              {
                "allocate_load_balancer_node_ports": true,
                "cluster_ip": "10.96.247.102",
                "cluster_ips": [
                  "10.96.247.102"
                ],
                "external_ips": [],
                "external_name": "",
                "external_traffic_policy": "",
                "health_check_node_port": 0,
                "internal_traffic_policy": "Cluster",
                "ip_families": [
                  "IPv4"
                ],
                "ip_family_policy": "SingleStack",
                "load_balancer_class": "",
                "load_balancer_ip": "",
                "load_balancer_source_ranges": [],
                "port": [
                  {
                    "app_protocol": "",
                    "name": "http-query",
                    "node_port": 0,
                    "port": 16686,
                    "protocol": "TCP",
                    "target_port": "ui"
                  }
                ],
                "publish_not_ready_addresses": false,
                "selector": {
                  "app.kubernetes.io/name": "jaeger"
                },
                "session_affinity": "None",
                "session_affinity_config": [],
                "type": "ClusterIP"
              }
            ],
            "status": [
              {
                "load_balancer": [
                  {
                    "ingress": []
                  }
                ]
              }
            ],
            "timeouts": null,
            "wait_for_load_balancer": true
          },
          "sensitive_attributes": [],
          "identity_schema_version": 1,
          "identity": {
            "api_version": "v1",
            "kind": "Service",
            "name": "jaeger-query",
            "namespace": "observability"
          },
          "private": "eyJlMmJmYjczMC1lY2FhLTExZTYtOGY4OC0zNDM2M2JjN2M0YzAiOnsiY3JlYXRlIjo2MDAwMDAwMDAwMDB9LCJzY2hlbWFfdmVyc2lvbiI6IjEifQ=="
        }
      ]
    }
  ],
  "check_results": null
}
